
Microsoft Visual Studio Solution File, Format Version 12.00
# Visual Studio 15
VisualStudioVersion = 15.0.27004.2002
MinimumVisualStudioVersion = 10.0.40219.1
Project("{9A19103F-16F7-4668-BE54-9A1E7A4F7556}") = "SimpleMvc.Framewoork", "SimpleMvc.Framework\SimpleMvc.Framewoork.csproj", "{CAAF0D45-E1E6-456B-BEB1-CFD89AD3E75A}"
EndProject
Project("{9A19103F-16F7-4668-BE54-9A1E7A4F7556}") = "SimpleMvc.App", "SimpleMvc.App\SimpleMvc.App.csproj", "{49972535-996A-4802-B90C-794920338CBD}"
EndProject
Project("{9A19103F-16F7-4668-BE54-9A1E7A4F7556}") = "WebServer", "WebServer\WebServer.csproj", "{C2A7E3BF-B6EF-4874-BA64-B06EAC1E73BD}"
EndProject
Project("{FAE04EC0-301F-11D3-BF4B-00C04F79EFBC}") = "SImpleMvc.Data", "SImpleMvc.Data\SImpleMvc.Data.csproj", "{C0421222-A1E3-412C-A739-6BACD3D17399}"
EndProject
Project("{FAE04EC0-301F-11D3-BF4B-00C04F79EFBC}") = "SimpleMvc.Domain", "SimpleMvc.Domain\SimpleMvc.Domain.csproj", "{E76BA15B-D577-49E3-916D-EDDED22965C4}"
EndProject
Global
	GlobalSection(SolutionConfigurationPlatforms) = preSolution
		Debug|Any CPU = Debug|Any CPU
		Release|Any CPU = Release|Any CPU
	EndGlobalSection
	GlobalSection(ProjectConfigurationPlatforms) = postSolution
		{CAAF0D45-E1E6-456B-BEB1-CFD89AD3E75A}.Debug|Any CPU.ActiveCfg = Debug|Any CPU
		{CAAF0D45-E1E6-456B-BEB1-CFD89AD3E75A}.Debug|Any CPU.Build.0 = Debug|Any CPU
		{CAAF0D45-E1E6-456B-BEB1-CFD89AD3E75A}.Release|Any CPU.ActiveCfg = Release|Any CPU
		{CAAF0D45-E1E6-456B-BEB1-CFD89AD3E75A}.Release|Any CPU.Build.0 = Release|Any CPU
		{49972535-996A-4802-B90C-794920338CBD}.Debug|Any CPU.ActiveCfg = Debug|Any CPU
		{49972535-996A-4802-B90C-794920338CBD}.Debug|Any CPU.Build.0 = Debug|Any CPU
		{49972535-996A-4802-B90C-794920338CBD}.Release|Any CPU.ActiveCfg = Release|Any CPU
		{49972535-996A-4802-B90C-794920338CBD}.Release|Any CPU.Build.0 = Release|Any CPU
		{C2A7E3BF-B6EF-4874-BA64-B06EAC1E73BD}.Debug|Any CPU.ActiveCfg = Debug|Any CPU
		{C2A7E3BF-B6EF-4874-BA64-B06EAC1E73BD}.Debug|Any CPU.Build.0 = Debug|Any CPU
		{C2A7E3BF-B6EF-4874-BA64-B06EAC1E73BD}.Release|Any CPU.ActiveCfg = Release|Any CPU
		{C2A7E3BF-B6EF-4874-BA64-B06EAC1E73BD}.Release|Any CPU.Build.0 = Release|Any CPU
		{C0421222-A1E3-412C-A739-6BACD3D17399}.Debug|Any CPU.ActiveCfg = Debug|Any CPU
		{C0421222-A1E3-412C-A739-6BACD3D17399}.Debug|Any CPU.Build.0 = Debug|Any CPU
		{C0421222-A1E3-412C-A739-6BACD3D17399}.Release|Any CPU.ActiveCfg = Release|Any CPU
		{C0421222-A1E3-412C-A739-6BACD3D17399}.Release|Any CPU.Build.0 = Release|Any CPU
		{E76BA15B-D577-49E3-916D-EDDED22965C4}.Debug|Any CPU.ActiveCfg = Debug|Any CPU
		{E76BA15B-D577-49E3-916D-EDDED22965C4}.Debug|Any CPU.Build.0 = Debug|Any CPU
		{E76BA15B-D577-49E3-916D-EDDED22965C4}.Release|Any CPU.ActiveCfg = Release|Any CPU
		{E76BA15B-D577-49E3-916D-EDDED22965C4}.Release|Any CPU.Build.0 = Release|Any CPU
	EndGlobalSection
	GlobalSection(SolutionProperties) = preSolution
		HideSolutionNode = FALSE
	EndGlobalSection
	GlobalSection(ExtensibilityGlobals) = postSolution
		SolutionGuid = {3ABA898C-743A-4BCB-94FE-871C34896B4B}
	EndGlobalSection
EndGlobal
